
Microsoft Visual Studio Solution File, Format Version 12.00
# Visual Studio 15
VisualStudioVersion = 15.0.28307.1169
MinimumVisualStudioVersion = 10.0.40219.1
Project("{FAE04EC0-301F-11D3-BF4B-00C04F79EFBC}") = "TP1", "TP1\TP1.csproj", "{EA8760B9-2DCD-4701-A956-3A3F2117571A}"
EndProject
Global
	GlobalSection(SolutionConfigurationPlatforms) = preSolution
		Debug|Any CPU = Debug|Any CPU
		Release|Any CPU = Release|Any CPU
	EndGlobalSection
	GlobalSection(ProjectConfigurationPlatforms) = postSolution
		{EA8760B9-2DCD-4701-A956-3A3F2117571A}.Debug|Any CPU.ActiveCfg = Debug|Any CPU
		{EA8760B9-2DCD-4701-A956-3A3F2117571A}.Debug|Any CPU.Build.0 = Debug|Any CPU
		{EA8760B9-2DCD-4701-A956-3A3F2117571A}.Release|Any CPU.ActiveCfg = Release|Any CPU
		{EA8760B9-2DCD-4701-A956-3A3F2117571A}.Release|Any CPU.Build.0 = Release|Any CPU
	EndGlobalSection
	GlobalSection(SolutionProperties) = preSolution
		HideSolutionNode = FALSE
	EndGlobalSection
	GlobalSection(ExtensibilityGlobals) = postSolution
		SolutionGuid = {DD81C303-37C8-4F10-AA2F-A86CE94DA168}
	EndGlobalSection
EndGlobal
